// !$*UTF8*$!
{
	archiveVersion = 1;
	classes = {
	};
	objectVersion = 77;
	objects = {

/* Begin PBXBuildFile section */
		5072D75D51D2C58AB2AFD560 /* Song.swift in Sources */ = {isa = PBXBuildFile; fileRef = 1497658284B154007313B8ED /* Song.swift */; };
		66F8E9D91B23C567890BCDEF /* DataImportManager.swift in Sources */ = {isa = PBXBuildFile; fileRef = 55E6F7D80A12B456789ABCDE /* DataImportManager.swift */; };
		9D86052835241646C210E833 /* DataImportService.swift in Sources */ = {isa = PBXBuildFile; fileRef = 44D8B25E8B9AEC7899DC2004 /* DataImportService.swift */; };
		A1B2C3D4E5F6789012345678 /* Singer.swift in Sources */ = {isa = PBXBuildFile; fileRef = F1E2D3C4B5A69780FEDCBA98 /* Singer.swift */; };
		A1B2C3D4E5F6789012345679 /* Writer.swift in Sources */ = {isa = PBXBuildFile; fileRef = F1E2D3C4B5A69780FEDCBA97 /* Writer.swift */; };
		B2C3D4E5F67890123456789A /* Artist.swift in Sources */ = {isa = PBXBuildFile; fileRef = E2D3C4B5A69780FEDCBA9876 /* Artist.swift */; };
		C3D4E5F67890123456789ABC /* Album.swift in Sources */ = {isa = PBXBuildFile; fileRef = D3C4B5A69780FEDCBA987654 /* Album.swift */; };
		D2AF766A2EC4E950006C0FCE /* leadsheets.watch.app in Embed Watch Content */ = {isa = PBXBuildFile; fileRef = D2AF76602EC4E94E006C0FCE /* leadsheets.watch.app */; platformFilter = ios; settings = {ATTRIBUTES = (RemoveHeadersOnCopy, ); }; };
		FB71896928D39BB8CF2BCDB6 /* seeds.json in Resources */ = {isa = PBXBuildFile; fileRef = B5A4C57973005496DCFF812B /* seeds.json */; };
/* End PBXBuildFile section */

/* Begin PBXContainerItemProxy section */
		D2AF76682EC4E950006C0FCE /* PBXContainerItemProxy */ = {
			isa = PBXContainerItemProxy;
			containerPortal = D2E1EB4E2E9DE20C00E5456E /* Project object */;
			proxyType = 1;
			remoteGlobalIDString = D2AF765F2EC4E94E006C0FCE;
			remoteInfo = leadsheets.watch;
		};
/* End PBXContainerItemProxy section */

/* Begin PBXCopyFilesBuildPhase section */
		D2AF71132EC4E57A006C0FCE /* Embed Watch Content */ = {
			isa = PBXCopyFilesBuildPhase;
			buildActionMask = 2147483647;
			dstPath = "$(CONTENTS_FOLDER_PATH)/Watch";
			dstSubfolderSpec = 16;
			files = (
				D2AF766A2EC4E950006C0FCE /* leadsheets.watch.app in Embed Watch Content */,
			);
			name = "Embed Watch Content";
			runOnlyForDeploymentPostprocessing = 0;
		};
/* End PBXCopyFilesBuildPhase section */

/* Begin PBXFileReference section */
		1497658284B154007313B8ED /* Song.swift */ = {isa = PBXFileReference; fileEncoding = 4; lastKnownFileType = sourcecode.swift; path = Song.swift; sourceTree = "<group>"; };
		44D8B25E8B9AEC7899DC2004 /* DataImportService.swift */ = {isa = PBXFileReference; fileEncoding = 4; lastKnownFileType = sourcecode.swift; path = DataImportService.swift; sourceTree = "<group>"; };
		55E6F7D80A12B456789ABCDE /* DataImportManager.swift */ = {isa = PBXFileReference; fileEncoding = 4; lastKnownFileType = sourcecode.swift; path = DataImportManager.swift; sourceTree = "<group>"; };
		B5A4C57973005496DCFF812B /* seeds.json */ = {isa = PBXFileReference; fileEncoding = 4; lastKnownFileType = text.json; path = seeds.json; sourceTree = "<group>"; };
		D2AF76602EC4E94E006C0FCE /* leadsheets.watch.app */ = {isa = PBXFileReference; explicitFileType = wrapper.application; includeInIndex = 0; path = leadsheets.watch.app; sourceTree = BUILT_PRODUCTS_DIR; };
		D2E1EB562E9DE20C00E5456E /* Dead Sheets.app */ = {isa = PBXFileReference; explicitFileType = wrapper.application; includeInIndex = 0; path = "Dead Sheets.app"; sourceTree = BUILT_PRODUCTS_DIR; };
		D3C4B5A69780FEDCBA987654 /* Album.swift */ = {isa = PBXFileReference; fileEncoding = 4; lastKnownFileType = sourcecode.swift; path = Album.swift; sourceTree = "<group>"; };
		E2D3C4B5A69780FEDCBA9876 /* Artist.swift */ = {isa = PBXFileReference; fileEncoding = 4; lastKnownFileType = sourcecode.swift; path = Artist.swift; sourceTree = "<group>"; };
		F1E2D3C4B5A69780FEDCBA97 /* Writer.swift */ = {isa = PBXFileReference; fileEncoding = 4; lastKnownFileType = sourcecode.swift; path = Writer.swift; sourceTree = "<group>"; };
		F1E2D3C4B5A69780FEDCBA98 /* Singer.swift */ = {isa = PBXFileReference; fileEncoding = 4; lastKnownFileType = sourcecode.swift; path = Singer.swift; sourceTree = "<group>"; };
/* End PBXFileReference section */

/* Begin PBXFileSystemSynchronizedRootGroup section */
		D2AF76612EC4E94E006C0FCE /* leadsheets.watch */ = {
			isa = PBXFileSystemSynchronizedRootGroup;
			path = leadsheets.watch;
			sourceTree = "<group>";
		};
		D2E1EB582E9DE20C00E5456E /* leadsheets */ = {
			isa = PBXFileSystemSynchronizedRootGroup;
			path = leadsheets;
			sourceTree = "<group>";
		};
/* End PBXFileSystemSynchronizedRootGroup section */

/* Begin PBXFrameworksBuildPhase section */
		D2AF765D2EC4E94E006C0FCE /* Frameworks */ = {
			isa = PBXFrameworksBuildPhase;
			buildActionMask = 2147483647;
			files = (
			);
			runOnlyForDeploymentPostprocessing = 0;
		};
		D2E1EB532E9DE20C00E5456E /* Frameworks */ = {
			isa = PBXFrameworksBuildPhase;
			buildActionMask = 2147483647;
			files = (
			);
			runOnlyForDeploymentPostprocessing = 0;
		};
/* End PBXFrameworksBuildPhase section */

/* Begin PBXGroup section */
		D2E1EB4D2E9DE20C00E5456E = {
			isa = PBXGroup;
			children = (
				D2E1EB582E9DE20C00E5456E /* leadsheets */,
				D2SHAREDFILES123456789ABC /* Shared */,
				D2AF76612EC4E94E006C0FCE /* leadsheets.watch */,
				D2E1EB572E9DE20C00E5456E /* Products */,
			);
			sourceTree = "<group>";
		};
		D2E1EB572E9DE20C00E5456E /* Products */ = {
			isa = PBXGroup;
			children = (
				D2E1EB562E9DE20C00E5456E /* Dead Sheets.app */,
				D2AF76602EC4E94E006C0FCE /* leadsheets.watch.app */,
			);
			name = Products;
			sourceTree = "<group>";
		};
		D2SHAREDFILES123456789ABC /* Shared */ = {
			isa = PBXGroup;
			children = (
				1497658284B154007313B8ED /* Song.swift */,
				F1E2D3C4B5A69780FEDCBA98 /* Singer.swift */,
				F1E2D3C4B5A69780FEDCBA97 /* Writer.swift */,
				E2D3C4B5A69780FEDCBA9876 /* Artist.swift */,
				D3C4B5A69780FEDCBA987654 /* Album.swift */,
				44D8B25E8B9AEC7899DC2004 /* DataImportService.swift */,
				55E6F7D80A12B456789ABCDE /* DataImportManager.swift */,
				B5A4C57973005496DCFF812B /* seeds.json */,
			);
			name = Shared;
			path = leadsheets;
			sourceTree = "<group>";
		};
/* End PBXGroup section */

/* Begin PBXNativeTarget section */
		D2AF765F2EC4E94E006C0FCE /* leadsheets.watch */ = {
			isa = PBXNativeTarget;
			buildConfigurationList = D2AF766B2EC4E950006C0FCE /* Build configuration list for PBXNativeTarget "leadsheets.watch" */;
			buildPhases = (
				D2AF765C2EC4E94E006C0FCE /* Sources */,
				D2AF765D2EC4E94E006C0FCE /* Frameworks */,
				D2AF765E2EC4E94E006C0FCE /* Resources */,
			);
			buildRules = (
			);
			dependencies = (
			);
			fileSystemSynchronizedGroups = (
				D2AF76612EC4E94E006C0FCE /* leadsheets.watch */,
			);
			name = leadsheets.watch;
			packageProductDependencies = (
			);
			productName = leadsheets.watch;
			productReference = D2AF76602EC4E94E006C0FCE /* leadsheets.watch.app */;
			productType = "com.apple.product-type.application";
		};
		D2E1EB552E9DE20C00E5456E /* leadsheets */ = {
			isa = PBXNativeTarget;
			buildConfigurationList = D2E1EB612E9DE20F00E5456E /* Build configuration list for PBXNativeTarget "leadsheets" */;
			buildPhases = (
				D2E1EB522E9DE20C00E5456E /* Sources */,
				D2E1EB532E9DE20C00E5456E /* Frameworks */,
				D2E1EB542E9DE20C00E5456E /* Resources */,
				D2AF71132EC4E57A006C0FCE /* Embed Watch Content */,
			);
			buildRules = (
			);
			dependencies = (
				D2AF76692EC4E950006C0FCE /* PBXTargetDependency */,
			);
			fileSystemSynchronizedGroups = (
				D2E1EB582E9DE20C00E5456E /* leadsheets */,
			);
			name = leadsheets;
			packageProductDependencies = (
			);
			productName = leadsheets;
			productReference = D2E1EB562E9DE20C00E5456E /* Dead Sheets.app */;
			productType = "com.apple.product-type.application";
		};
/* End PBXNativeTarget section */

/* Begin PBXProject section */
		D2E1EB4E2E9DE20C00E5456E /* Project object */ = {
			isa = PBXProject;
			attributes = {
				BuildIndependentTargetsInParallel = 1;
				LastSwiftUpdateCheck = 2610;
				LastUpgradeCheck = 2610;
				TargetAttributes = {
					D2AF765F2EC4E94E006C0FCE = {
						CreatedOnToolsVersion = 26.1.1;
					};
					D2E1EB552E9DE20C00E5456E = {
						CreatedOnToolsVersion = 26.0.1;
					};
				};
			};
			buildConfigurationList = D2E1EB512E9DE20C00E5456E /* Build configuration list for PBXProject "leadsheets" */;
			developmentRegion = en;
			hasScannedForEncodings = 0;
			knownRegions = (
				en,
				Base,
			);
			mainGroup = D2E1EB4D2E9DE20C00E5456E;
			minimizedProjectReferenceProxies = 1;
			preferredProjectObjectVersion = 77;
			productRefGroup = D2E1EB572E9DE20C00E5456E /* Products */;
			projectDirPath = "";
			projectRoot = "";
			targets = (
				D2E1EB552E9DE20C00E5456E /* leadsheets */,
				D2AF765F2EC4E94E006C0FCE /* leadsheets.watch */,
			);
		};
/* End PBXProject section */

/* Begin PBXResourcesBuildPhase section */
		D2AF765E2EC4E94E006C0FCE /* Resources */ = {
			isa = PBXResourcesBuildPhase;
			buildActionMask = 2147483647;
			files = (
				FB71896928D39BB8CF2BCDB6 /* seeds.json in Resources */,
			);
			runOnlyForDeploymentPostprocessing = 0;
		};
		D2E1EB542E9DE20C00E5456E /* Resources */ = {
			isa = PBXResourcesBuildPhase;
			buildActionMask = 2147483647;
			files = (
			);
			runOnlyForDeploymentPostprocessing = 0;
		};
/* End PBXResourcesBuildPhase section */

/* Begin PBXSourcesBuildPhase section */
		D2AF765C2EC4E94E006C0FCE /* Sources */ = {
			isa = PBXSourcesBuildPhase;
			buildActionMask = 2147483647;
			files = (
				5072D75D51D2C58AB2AFD560 /* Song.swift in Sources */,
				A1B2C3D4E5F6789012345678 /* Singer.swift in Sources */,
				A1B2C3D4E5F6789012345679 /* Writer.swift in Sources */,
				B2C3D4E5F67890123456789A /* Artist.swift in Sources */,
				C3D4E5F67890123456789ABC /* Album.swift in Sources */,
				9D86052835241646C210E833 /* DataImportService.swift in Sources */,
				66F8E9D91B23C567890BCDEF /* DataImportManager.swift in Sources */,
			);
			runOnlyForDeploymentPostprocessing = 0;
		};
		D2E1EB522E9DE20C00E5456E /* Sources */ = {
			isa = PBXSourcesBuildPhase;
			buildActionMask = 2147483647;
			files = (
			);
			runOnlyForDeploymentPostprocessing = 0;
		};
/* End PBXSourcesBuildPhase section */

/* Begin PBXTargetDependency section */
		D2AF76692EC4E950006C0FCE /* PBXTargetDependency */ = {
			isa = PBXTargetDependency;
			target = D2AF765F2EC4E94E006C0FCE /* leadsheets.watch */;
			targetProxy = D2AF76682EC4E950006C0FCE /* PBXContainerItemProxy */;
		};
/* End PBXTargetDependency section */

/* Begin XCBuildConfiguration section */
		D2AF766C2EC4E950006C0FCE /* Debug */ = {
			isa = XCBuildConfiguration;
			buildSettings = {
				ASSETCATALOG_COMPILER_APPICON_NAME = AppIcon;
				ASSETCATALOG_COMPILER_GLOBAL_ACCENT_COLOR_NAME = AccentColor;
				CODE_SIGN_STYLE = Automatic;
				CURRENT_PROJECT_VERSION = 1;
				DEVELOPMENT_TEAM = LQR2VDPY65;
				ENABLE_PREVIEWS = YES;
				GENERATE_INFOPLIST_FILE = YES;
				INFOPLIST_KEY_CFBundleDisplayName = "Dead Sheets";
				"INFOPLIST_KEY_CFBundleIcons[sdk=watchos*]" = "<dict><key>CFBundlePrimaryIcon</key><dict><key>CFBundleIconFiles</key><array><string>AppIcon</string></array><key>CFBundleIconName</key><string>AppIcon</string></dict></dict>";
				INFOPLIST_KEY_UISupportedInterfaceOrientations = "UIInterfaceOrientationPortrait UIInterfaceOrientationPortraitUpsideDown";
				INFOPLIST_KEY_WKCompanionAppBundleIdentifier = wonderboymusic.leadsheets;
				INFOPLIST_KEY_WKRunsIndependentlyOfCompanionApp = YES;
				LD_RUNPATH_SEARCH_PATHS = (
					"$(inherited)",
					"@executable_path/Frameworks",
				);
				MARKETING_VERSION = 1.0;
				PRODUCT_BUNDLE_IDENTIFIER = wonderboymusic.leadsheets.watchkitapp;
				PRODUCT_NAME = "$(TARGET_NAME)";
				SDKROOT = watchos;
				SKIP_INSTALL = YES;
				STRING_CATALOG_GENERATE_SYMBOLS = YES;
				SWIFT_APPROACHABLE_CONCURRENCY = YES;
				SWIFT_DEFAULT_ACTOR_ISOLATION = MainActor;
				SWIFT_EMIT_LOC_STRINGS = YES;
				SWIFT_UPCOMING_FEATURE_MEMBER_IMPORT_VISIBILITY = YES;
				SWIFT_VERSION = 5.0;
				TARGETED_DEVICE_FAMILY = 4;
				WATCHOS_DEPLOYMENT_TARGET = 26.0;
			};
			name = Debug;
		};
		D2AF766D2EC4E950006C0FCE /* Release */ = {
			isa = XCBuildConfiguration;
			buildSettings = {
				ASSETCATALOG_COMPILER_APPICON_NAME = AppIcon;
				ASSETCATALOG_COMPILER_GLOBAL_ACCENT_COLOR_NAME = AccentColor;
				CODE_SIGN_STYLE = Automatic;
				CURRENT_PROJECT_VERSION = 1;
				DEVELOPMENT_TEAM = LQR2VDPY65;
				ENABLE_PREVIEWS = YES;
				GENERATE_INFOPLIST_FILE = YES;
				INFOPLIST_KEY_CFBundleDisplayName = "Dead Sheets";
				"INFOPLIST_KEY_CFBundleIcons[sdk=watchos*]" = "<dict><key>CFBundlePrimaryIcon</key><dict><key>CFBundleIconFiles</key><array><string>AppIcon</string></array><key>CFBundleIconName</key><string>AppIcon</string></dict></dict>";
				INFOPLIST_KEY_UISupportedInterfaceOrientations = "UIInterfaceOrientationPortrait UIInterfaceOrientationPortraitUpsideDown";
				INFOPLIST_KEY_WKCompanionAppBundleIdentifier = wonderboymusic.leadsheets;
				INFOPLIST_KEY_WKRunsIndependentlyOfCompanionApp = YES;
				LD_RUNPATH_SEARCH_PATHS = (
					"$(inherited)",
					"@executable_path/Frameworks",
				);
				MARKETING_VERSION = 1.0;
				PRODUCT_BUNDLE_IDENTIFIER = wonderboymusic.leadsheets.watchkitapp;
				PRODUCT_NAME = "$(TARGET_NAME)";
				SDKROOT = watchos;
				SKIP_INSTALL = YES;
				STRING_CATALOG_GENERATE_SYMBOLS = YES;
				SWIFT_APPROACHABLE_CONCURRENCY = YES;
				SWIFT_DEFAULT_ACTOR_ISOLATION = MainActor;
				SWIFT_EMIT_LOC_STRINGS = YES;
				SWIFT_UPCOMING_FEATURE_MEMBER_IMPORT_VISIBILITY = YES;
				SWIFT_VERSION = 5.0;
				TARGETED_DEVICE_FAMILY = 4;
				WATCHOS_DEPLOYMENT_TARGET = 26.0;
			};
			name = Release;
		};
		D2E1EB5F2E9DE20F00E5456E /* Debug */ = {
			isa = XCBuildConfiguration;
			buildSettings = {
				ALWAYS_SEARCH_USER_PATHS = NO;
				ASSETCATALOG_COMPILER_GENERATE_SWIFT_ASSET_SYMBOL_EXTENSIONS = YES;
				CLANG_ANALYZER_NONNULL = YES;
				CLANG_ANALYZER_NUMBER_OBJECT_CONVERSION = YES_AGGRESSIVE;
				CLANG_CXX_LANGUAGE_STANDARD = "gnu++20";
				CLANG_ENABLE_MODULES = YES;
				CLANG_ENABLE_OBJC_ARC = YES;
				CLANG_ENABLE_OBJC_WEAK = YES;
				CLANG_WARN_BLOCK_CAPTURE_AUTORELEASING = YES;
				CLANG_WARN_BOOL_CONVERSION = YES;
				CLANG_WARN_COMMA = YES;
				CLANG_WARN_CONSTANT_CONVERSION = YES;
				CLANG_WARN_DEPRECATED_OBJC_IMPLEMENTATIONS = YES;
				CLANG_WARN_DIRECT_OBJC_ISA_USAGE = YES_ERROR;
				CLANG_WARN_DOCUMENTATION_COMMENTS = YES;
				CLANG_WARN_EMPTY_BODY = YES;
				CLANG_WARN_ENUM_CONVERSION = YES;
				CLANG_WARN_INFINITE_RECURSION = YES;
				CLANG_WARN_INT_CONVERSION = YES;
				CLANG_WARN_NON_LITERAL_NULL_CONVERSION = YES;
				CLANG_WARN_OBJC_IMPLICIT_RETAIN_SELF = YES;
				CLANG_WARN_OBJC_LITERAL_CONVERSION = YES;
				CLANG_WARN_OBJC_ROOT_CLASS = YES_ERROR;
				CLANG_WARN_QUOTED_INCLUDE_IN_FRAMEWORK_HEADER = YES;
				CLANG_WARN_RANGE_LOOP_ANALYSIS = YES;
				CLANG_WARN_STRICT_PROTOTYPES = YES;
				CLANG_WARN_SUSPICIOUS_MOVE = YES;
				CLANG_WARN_UNGUARDED_AVAILABILITY = YES_AGGRESSIVE;
				CLANG_WARN_UNREACHABLE_CODE = YES;
				CLANG_WARN__DUPLICATE_METHOD_MATCH = YES;
				COPY_PHASE_STRIP = NO;
				DEBUG_INFORMATION_FORMAT = dwarf;
				DEVELOPMENT_TEAM = LQR2VDPY65;
				ENABLE_STRICT_OBJC_MSGSEND = YES;
				ENABLE_TESTABILITY = YES;
				ENABLE_USER_SCRIPT_SANDBOXING = YES;
				GCC_C_LANGUAGE_STANDARD = gnu17;
				GCC_DYNAMIC_NO_PIC = NO;
				GCC_NO_COMMON_BLOCKS = YES;
				GCC_OPTIMIZATION_LEVEL = 0;
				GCC_PREPROCESSOR_DEFINITIONS = (
					"DEBUG=1",
					"$(inherited)",
				);
				GCC_WARN_64_TO_32_BIT_CONVERSION = YES;
				GCC_WARN_ABOUT_RETURN_TYPE = YES_ERROR;
				GCC_WARN_UNDECLARED_SELECTOR = YES;
				GCC_WARN_UNINITIALIZED_AUTOS = YES_AGGRESSIVE;
				GCC_WARN_UNUSED_FUNCTION = YES;
				GCC_WARN_UNUSED_VARIABLE = YES;
				IPHONEOS_DEPLOYMENT_TARGET = 26.0;
				LOCALIZATION_PREFERS_STRING_CATALOGS = YES;
				MTL_ENABLE_DEBUG_INFO = INCLUDE_SOURCE;
				MTL_FAST_MATH = YES;
				ONLY_ACTIVE_ARCH = YES;
				SDKROOT = iphoneos;
				STRING_CATALOG_GENERATE_SYMBOLS = YES;
				SWIFT_ACTIVE_COMPILATION_CONDITIONS = "DEBUG $(inherited)";
				SWIFT_OPTIMIZATION_LEVEL = "-Onone";
			};
			name = Debug;
		};
		D2E1EB602E9DE20F00E5456E /* Release */ = {
			isa = XCBuildConfiguration;
			buildSettings = {
				ALWAYS_SEARCH_USER_PATHS = NO;
				ASSETCATALOG_COMPILER_GENERATE_SWIFT_ASSET_SYMBOL_EXTENSIONS = YES;
				CLANG_ANALYZER_NONNULL = YES;
				CLANG_ANALYZER_NUMBER_OBJECT_CONVERSION = YES_AGGRESSIVE;
				CLANG_CXX_LANGUAGE_STANDARD = "gnu++20";
				CLANG_ENABLE_MODULES = YES;
				CLANG_ENABLE_OBJC_ARC = YES;
				CLANG_ENABLE_OBJC_WEAK = YES;
				CLANG_WARN_BLOCK_CAPTURE_AUTORELEASING = YES;
				CLANG_WARN_BOOL_CONVERSION = YES;
				CLANG_WARN_COMMA = YES;
				CLANG_WARN_CONSTANT_CONVERSION = YES;
				CLANG_WARN_DEPRECATED_OBJC_IMPLEMENTATIONS = YES;
				CLANG_WARN_DIRECT_OBJC_ISA_USAGE = YES_ERROR;
				CLANG_WARN_DOCUMENTATION_COMMENTS = YES;
				CLANG_WARN_EMPTY_BODY = YES;
				CLANG_WARN_ENUM_CONVERSION = YES;
				CLANG_WARN_INFINITE_RECURSION = YES;
				CLANG_WARN_INT_CONVERSION = YES;
				CLANG_WARN_NON_LITERAL_NULL_CONVERSION = YES;
				CLANG_WARN_OBJC_IMPLICIT_RETAIN_SELF = YES;
				CLANG_WARN_OBJC_LITERAL_CONVERSION = YES;
				CLANG_WARN_OBJC_ROOT_CLASS = YES_ERROR;
				CLANG_WARN_QUOTED_INCLUDE_IN_FRAMEWORK_HEADER = YES;
				CLANG_WARN_RANGE_LOOP_ANALYSIS = YES;
				CLANG_WARN_STRICT_PROTOTYPES = YES;
				CLANG_WARN_SUSPICIOUS_MOVE = YES;
				CLANG_WARN_UNGUARDED_AVAILABILITY = YES_AGGRESSIVE;
				CLANG_WARN_UNREACHABLE_CODE = YES;
				CLANG_WARN__DUPLICATE_METHOD_MATCH = YES;
				COPY_PHASE_STRIP = NO;
				DEBUG_INFORMATION_FORMAT = "dwarf-with-dsym";
				DEVELOPMENT_TEAM = LQR2VDPY65;
				ENABLE_NS_ASSERTIONS = NO;
				ENABLE_STRICT_OBJC_MSGSEND = YES;
				ENABLE_USER_SCRIPT_SANDBOXING = YES;
				GCC_C_LANGUAGE_STANDARD = gnu17;
				GCC_NO_COMMON_BLOCKS = YES;
				GCC_WARN_64_TO_32_BIT_CONVERSION = YES;
				GCC_WARN_ABOUT_RETURN_TYPE = YES_ERROR;
				GCC_WARN_UNDECLARED_SELECTOR = YES;
				GCC_WARN_UNINITIALIZED_AUTOS = YES_AGGRESSIVE;
				GCC_WARN_UNUSED_FUNCTION = YES;
				GCC_WARN_UNUSED_VARIABLE = YES;
				IPHONEOS_DEPLOYMENT_TARGET = 26.0;
				LOCALIZATION_PREFERS_STRING_CATALOGS = YES;
				MTL_ENABLE_DEBUG_INFO = NO;
				MTL_FAST_MATH = YES;
				SDKROOT = iphoneos;
				STRING_CATALOG_GENERATE_SYMBOLS = YES;
				SWIFT_COMPILATION_MODE = wholemodule;
				VALIDATE_PRODUCT = YES;
			};
			name = Release;
		};
		D2E1EB622E9DE20F00E5456E /* Debug */ = {
			isa = XCBuildConfiguration;
			buildSettings = {
				ASSETCATALOG_COMPILER_APPICON_NAME = AppIcon;
				"ASSETCATALOG_COMPILER_APPICON_NAME[sdk=appletvos*]" = "Brand Assets";
				ASSETCATALOG_COMPILER_GLOBAL_ACCENT_COLOR_NAME = AccentColor;
				ASSETCATALOG_COMPILER_INCLUDE_ALL_APPICON_ASSETS = NO;
				CODE_SIGN_STYLE = Automatic;
				CURRENT_PROJECT_VERSION = 1;
				DEVELOPMENT_TEAM = LQR2VDPY65;
				ENABLE_APP_SANDBOX = YES;
				ENABLE_HARDENED_RUNTIME = YES;
				ENABLE_OUTGOING_NETWORK_CONNECTIONS = YES;
				ENABLE_PREVIEWS = YES;
				GENERATE_INFOPLIST_FILE = YES;
				INFOPLIST_KEY_CFBundleDisplayName = "Dead Sheets";
				"INFOPLIST_KEY_CFBundleIcons[sdk=appletvos*]" = "<dict><key>CFBundlePrimaryIcon</key><dict><key>CFBundleIconFiles</key><array><string>Brand Assets</string></array><key>CFBundleIconName</key><string>Brand Assets</string></dict></dict>";
				INFOPLIST_KEY_LSApplicationCategoryType = "public.app-category.music";
				INFOPLIST_KEY_UIApplicationSceneManifest_Generation = YES;
				INFOPLIST_KEY_UIApplicationSupportsIndirectInputEvents = YES;
				INFOPLIST_KEY_UILaunchScreen_Generation = YES;
				INFOPLIST_KEY_UISupportedInterfaceOrientations_iPad = "UIInterfaceOrientationPortrait UIInterfaceOrientationPortraitUpsideDown UIInterfaceOrientationLandscapeLeft UIInterfaceOrientationLandscapeRight";
				INFOPLIST_KEY_UISupportedInterfaceOrientations_iPhone = "UIInterfaceOrientationPortrait UIInterfaceOrientationLandscapeLeft UIInterfaceOrientationLandscapeRight";
				LD_RUNPATH_SEARCH_PATHS = (
					"$(inherited)",
					"@executable_path/Frameworks",
				);
				MACOSX_DEPLOYMENT_TARGET = 26.0;
				MARKETING_VERSION = 1.0;
				PRODUCT_BUNDLE_IDENTIFIER = wonderboymusic.leadsheets;
				PRODUCT_NAME = "Dead Sheets";
				REGISTER_APP_GROUPS = YES;
				STRING_CATALOG_GENERATE_SYMBOLS = YES;
				SUPPORTED_PLATFORMS = "iphoneos iphonesimulator macosx appletvos appletvsimulator";
				SUPPORTS_MACCATALYST = NO;
				SUPPORTS_MAC_DESIGNED_FOR_IPHONE_IPAD = NO;
				SWIFT_APPROACHABLE_CONCURRENCY = YES;
				SWIFT_DEFAULT_ACTOR_ISOLATION = MainActor;
				SWIFT_EMIT_LOC_STRINGS = YES;
				SWIFT_UPCOMING_FEATURE_MEMBER_IMPORT_VISIBILITY = YES;
				SWIFT_VERSION = 5.0;
				TARGETED_DEVICE_FAMILY = "1,2,3";
				TVOS_DEPLOYMENT_TARGET = 26.0;
			};
			name = Debug;
		};
		D2E1EB632E9DE20F00E5456E /* Release */ = {
			isa = XCBuildConfiguration;
			buildSettings = {
				ASSETCATALOG_COMPILER_APPICON_NAME = AppIcon;
				"ASSETCATALOG_COMPILER_APPICON_NAME[sdk=appletvos*]" = "Brand Assets";
				ASSETCATALOG_COMPILER_GLOBAL_ACCENT_COLOR_NAME = AccentColor;
				ASSETCATALOG_COMPILER_INCLUDE_ALL_APPICON_ASSETS = NO;
				CODE_SIGN_STYLE = Automatic;
				CURRENT_PROJECT_VERSION = 1;
				DEVELOPMENT_TEAM = LQR2VDPY65;
				ENABLE_APP_SANDBOX = YES;
				ENABLE_HARDENED_RUNTIME = YES;
				ENABLE_OUTGOING_NETWORK_CONNECTIONS = YES;
				ENABLE_PREVIEWS = YES;
				GENERATE_INFOPLIST_FILE = YES;
				INFOPLIST_KEY_CFBundleDisplayName = "Dead Sheets";
				"INFOPLIST_KEY_CFBundleIcons[sdk=appletvos*]" = "<dict><key>CFBundlePrimaryIcon</key><dict><key>CFBundleIconFiles</key><array><string>Brand Assets</string></array><key>CFBundleIconName</key><string>Brand Assets</string></dict></dict>";
				INFOPLIST_KEY_LSApplicationCategoryType = "public.app-category.music";
				INFOPLIST_KEY_UIApplicationSceneManifest_Generation = YES;
				INFOPLIST_KEY_UIApplicationSupportsIndirectInputEvents = YES;
				INFOPLIST_KEY_UILaunchScreen_Generation = YES;
				INFOPLIST_KEY_UISupportedInterfaceOrientations_iPad = "UIInterfaceOrientationPortrait UIInterfaceOrientationPortraitUpsideDown UIInterfaceOrientationLandscapeLeft UIInterfaceOrientationLandscapeRight";
				INFOPLIST_KEY_UISupportedInterfaceOrientations_iPhone = "UIInterfaceOrientationPortrait UIInterfaceOrientationLandscapeLeft UIInterfaceOrientationLandscapeRight";
				LD_RUNPATH_SEARCH_PATHS = (
					"$(inherited)",
					"@executable_path/Frameworks",
				);
				MACOSX_DEPLOYMENT_TARGET = 26.0;
				MARKETING_VERSION = 1.0;
				PRODUCT_BUNDLE_IDENTIFIER = wonderboymusic.leadsheets;
				PRODUCT_NAME = "Dead Sheets";
				REGISTER_APP_GROUPS = YES;
				STRING_CATALOG_GENERATE_SYMBOLS = YES;
				SUPPORTED_PLATFORMS = "iphoneos iphonesimulator macosx appletvos appletvsimulator";
				SUPPORTS_MACCATALYST = NO;
				SUPPORTS_MAC_DESIGNED_FOR_IPHONE_IPAD = NO;
				SWIFT_APPROACHABLE_CONCURRENCY = YES;
				SWIFT_DEFAULT_ACTOR_ISOLATION = MainActor;
				SWIFT_EMIT_LOC_STRINGS = YES;
				SWIFT_UPCOMING_FEATURE_MEMBER_IMPORT_VISIBILITY = YES;
				SWIFT_VERSION = 5.0;
				TARGETED_DEVICE_FAMILY = "1,2,3";
				TVOS_DEPLOYMENT_TARGET = 26.0;
			};
			name = Release;
		};
/* End XCBuildConfiguration section */

/* Begin XCConfigurationList section */
		D2AF766B2EC4E950006C0FCE /* Build configuration list for PBXNativeTarget "leadsheets.watch" */ = {
			isa = XCConfigurationList;
			buildConfigurations = (
				D2AF766C2EC4E950006C0FCE /* Debug */,
				D2AF766D2EC4E950006C0FCE /* Release */,
			);
			defaultConfigurationIsVisible = 0;
			defaultConfigurationName = Release;
		};
		D2E1EB512E9DE20C00E5456E /* Build configuration list for PBXProject "leadsheets" */ = {
			isa = XCConfigurationList;
			buildConfigurations = (
				D2E1EB5F2E9DE20F00E5456E /* Debug */,
				D2E1EB602E9DE20F00E5456E /* Release */,
			);
			defaultConfigurationIsVisible = 0;
			defaultConfigurationName = Release;
		};
		D2E1EB612E9DE20F00E5456E /* Build configuration list for PBXNativeTarget "leadsheets" */ = {
			isa = XCConfigurationList;
			buildConfigurations = (
				D2E1EB622E9DE20F00E5456E /* Debug */,
				D2E1EB632E9DE20F00E5456E /* Release */,
			);
			defaultConfigurationIsVisible = 0;
			defaultConfigurationName = Release;
		};
/* End XCConfigurationList section */
	};
	rootObject = D2E1EB4E2E9DE20C00E5456E /* Project object */;
}
